// !$*UTF8*$!
{
	archiveVersion = 1;
	classes = {
	};
	objectVersion = 46;
	objects = {

/* Begin PBXBuildFile section */
		925260FF1AA2E23C005ACC76 /* SettingsTableViewController.m in Sources */ = {isa = PBXBuildFile; fileRef = 925260FE1AA2E23C005ACC76 /* SettingsTableViewController.m */; };
		928F92DE1AA29EE3002638AB /* main.m in Sources */ = {isa = PBXBuildFile; fileRef = 928F92DD1AA29EE3002638AB /* main.m */; };
		928F92E11AA29EE3002638AB /* AppDelegate.m in Sources */ = {isa = PBXBuildFile; fileRef = 928F92E01AA29EE3002638AB /* AppDelegate.m */; };
		928F92E41AA29EE3002638AB /* FirstViewController.m in Sources */ = {isa = PBXBuildFile; fileRef = 928F92E31AA29EE3002638AB /* FirstViewController.m */; };
		928F92E71AA29EE3002638AB /* SecondViewController.m in Sources */ = {isa = PBXBuildFile; fileRef = 928F92E61AA29EE3002638AB /* SecondViewController.m */; };
		928F92EA1AA29EE3002638AB /* Main.storyboard in Resources */ = {isa = PBXBuildFile; fileRef = 928F92E81AA29EE3002638AB /* Main.storyboard */; };
		928F92EC1AA29EE3002638AB /* Images.xcassets in Resources */ = {isa = PBXBuildFile; fileRef = 928F92EB1AA29EE3002638AB /* Images.xcassets */; };
		928F92EF1AA29EE3002638AB /* LaunchScreen.xib in Resources */ = {isa = PBXBuildFile; fileRef = 928F92ED1AA29EE3002638AB /* LaunchScreen.xib */; };
		928F92FB1AA29EE3002638AB /* HackAppTests.m in Sources */ = {isa = PBXBuildFile; fileRef = 928F92FA1AA29EE3002638AB /* HackAppTests.m */; };
		92CEE8011AA3057500675851 /* Manager.m in Sources */ = {isa = PBXBuildFile; fileRef = 92CEE8001AA3057500675851 /* Manager.m */; };
/* End PBXBuildFile section */

/* Begin PBXContainerItemProxy section */
		928F92F51AA29EE3002638AB /* PBXContainerItemProxy */ = {
			isa = PBXContainerItemProxy;
			containerPortal = 928F92D01AA29EE2002638AB /* Project object */;
			proxyType = 1;
			remoteGlobalIDString = 928F92D71AA29EE2002638AB;
			remoteInfo = HackApp;
		};
/* End PBXContainerItemProxy section */

/* Begin PBXFileReference section */
		925260FD1AA2E23C005ACC76 /* SettingsTableViewController.h */ = {isa = PBXFileReference; fileEncoding = 4; lastKnownFileType = sourcecode.c.h; path = SettingsTableViewController.h; sourceTree = "<group>"; };
		925260FE1AA2E23C005ACC76 /* SettingsTableViewController.m */ = {isa = PBXFileReference; fileEncoding = 4; lastKnownFileType = sourcecode.c.objc; path = SettingsTableViewController.m; sourceTree = "<group>"; };
		928F92D81AA29EE2002638AB /* HackApp.app */ = {isa = PBXFileReference; explicitFileType = wrapper.application; includeInIndex = 0; path = HackApp.app; sourceTree = BUILT_PRODUCTS_DIR; };
		928F92DC1AA29EE3002638AB /* Info.plist */ = {isa = PBXFileReference; lastKnownFileType = text.plist.xml; path = Info.plist; sourceTree = "<group>"; };
		928F92DD1AA29EE3002638AB /* main.m */ = {isa = PBXFileReference; lastKnownFileType = sourcecode.c.objc; path = main.m; sourceTree = "<group>"; };
		928F92DF1AA29EE3002638AB /* AppDelegate.h */ = {isa = PBXFileReference; lastKnownFileType = sourcecode.c.h; path = AppDelegate.h; sourceTree = "<group>"; };
		928F92E01AA29EE3002638AB /* AppDelegate.m */ = {isa = PBXFileReference; lastKnownFileType = sourcecode.c.objc; path = AppDelegate.m; sourceTree = "<group>"; };
		928F92E21AA29EE3002638AB /* FirstViewController.h */ = {isa = PBXFileReference; lastKnownFileType = sourcecode.c.h; path = FirstViewController.h; sourceTree = "<group>"; };
		928F92E31AA29EE3002638AB /* FirstViewController.m */ = {isa = PBXFileReference; lastKnownFileType = sourcecode.c.objc; path = FirstViewController.m; sourceTree = "<group>"; };
		928F92E51AA29EE3002638AB /* SecondViewController.h */ = {isa = PBXFileReference; lastKnownFileType = sourcecode.c.h; path = SecondViewController.h; sourceTree = "<group>"; };
		928F92E61AA29EE3002638AB /* SecondViewController.m */ = {isa = PBXFileReference; lastKnownFileType = sourcecode.c.objc; path = SecondViewController.m; sourceTree = "<group>"; };
		928F92E91AA29EE3002638AB /* Base */ = {isa = PBXFileReference; lastKnownFileType = file.storyboard; name = Base; path = Base.lproj/Main.storyboard; sourceTree = "<group>"; };
		928F92EB1AA29EE3002638AB /* Images.xcassets */ = {isa = PBXFileReference; lastKnownFileType = folder.assetcatalog; path = Images.xcassets; sourceTree = "<group>"; };
		928F92EE1AA29EE3002638AB /* Base */ = {isa = PBXFileReference; lastKnownFileType = file.xib; name = Base; path = Base.lproj/LaunchScreen.xib; sourceTree = "<group>"; };
		928F92F41AA29EE3002638AB /* HackAppTests.xctest */ = {isa = PBXFileReference; explicitFileType = wrapper.cfbundle; includeInIndex = 0; path = HackAppTests.xctest; sourceTree = BUILT_PRODUCTS_DIR; };
		928F92F91AA29EE3002638AB /* Info.plist */ = {isa = PBXFileReference; lastKnownFileType = text.plist.xml; path = Info.plist; sourceTree = "<group>"; };
		928F92FA1AA29EE3002638AB /* HackAppTests.m */ = {isa = PBXFileReference; lastKnownFileType = sourcecode.c.objc; path = HackAppTests.m; sourceTree = "<group>"; };
		92CEE7FF1AA3057500675851 /* Manager.h */ = {isa = PBXFileReference; fileEncoding = 4; lastKnownFileType = sourcecode.c.h; path = Manager.h; sourceTree = "<group>"; };
		92CEE8001AA3057500675851 /* Manager.m */ = {isa = PBXFileReference; fileEncoding = 4; lastKnownFileType = sourcecode.c.objc; path = Manager.m; sourceTree = "<group>"; };
/* End PBXFileReference section */

/* Begin PBXFrameworksBuildPhase section */
		928F92D51AA29EE2002638AB /* Frameworks */ = {
			isa = PBXFrameworksBuildPhase;
			buildActionMask = 2147483647;
			files = (
			);
			runOnlyForDeploymentPostprocessing = 0;
		};
		928F92F11AA29EE3002638AB /* Frameworks */ = {
			isa = PBXFrameworksBuildPhase;
			buildActionMask = 2147483647;
			files = (
			);
			runOnlyForDeploymentPostprocessing = 0;
		};
/* End PBXFrameworksBuildPhase section */

/* Begin PBXGroup section */
		928F92CF1AA29EE2002638AB = {
			isa = PBXGroup;
			children = (
				928F92DA1AA29EE2002638AB /* HackApp */,
				928F92F71AA29EE3002638AB /* HackAppTests */,
				928F92D91AA29EE2002638AB /* Products */,
			);
			sourceTree = "<group>";
		};
		928F92D91AA29EE2002638AB /* Products */ = {
			isa = PBXGroup;
			children = (
				928F92D81AA29EE2002638AB /* HackApp.app */,
				928F92F41AA29EE3002638AB /* HackAppTests.xctest */,
			);
			name = Products;
			sourceTree = "<group>";
		};
		928F92DA1AA29EE2002638AB /* HackApp */ = {
			isa = PBXGroup;
			children = (
				928F92DF1AA29EE3002638AB /* AppDelegate.h */,
				928F92E01AA29EE3002638AB /* AppDelegate.m */,
				928F92E21AA29EE3002638AB /* FirstViewController.h */,
				928F92E31AA29EE3002638AB /* FirstViewController.m */,
				928F92E51AA29EE3002638AB /* SecondViewController.h */,
				928F92E61AA29EE3002638AB /* SecondViewController.m */,
				925260FD1AA2E23C005ACC76 /* SettingsTableViewController.h */,
				925260FE1AA2E23C005ACC76 /* SettingsTableViewController.m */,
				92CEE7FF1AA3057500675851 /* Manager.h */,
				92CEE8001AA3057500675851 /* Manager.m */,
				928F92E81AA29EE3002638AB /* Main.storyboard */,
				928F92EB1AA29EE3002638AB /* Images.xcassets */,
				928F92ED1AA29EE3002638AB /* LaunchScreen.xib */,
				928F92DB1AA29EE2002638AB /* Supporting Files */,
			);
			path = HackApp;
			sourceTree = "<group>";
		};
		928F92DB1AA29EE2002638AB /* Supporting Files */ = {
			isa = PBXGroup;
			children = (
				928F92DC1AA29EE3002638AB /* Info.plist */,
				928F92DD1AA29EE3002638AB /* main.m */,
			);
			name = "Supporting Files";
			sourceTree = "<group>";
		};
		928F92F71AA29EE3002638AB /* HackAppTests */ = {
			isa = PBXGroup;
			children = (
				928F92FA1AA29EE3002638AB /* HackAppTests.m */,
				928F92F81AA29EE3002638AB /* Supporting Files */,
			);
			path = HackAppTests;
			sourceTree = "<group>";
		};
		928F92F81AA29EE3002638AB /* Supporting Files */ = {
			isa = PBXGroup;
			children = (
				928F92F91AA29EE3002638AB /* Info.plist */,
			);
			name = "Supporting Files";
			sourceTree = "<group>";
		};
/* End PBXGroup section */

/* Begin PBXNativeTarget section */
		928F92D71AA29EE2002638AB /* HackApp */ = {
			isa = PBXNativeTarget;
			buildConfigurationList = 928F92FE1AA29EE3002638AB /* Build configuration list for PBXNativeTarget "HackApp" */;
			buildPhases = (
				928F92D41AA29EE2002638AB /* Sources */,
				928F92D51AA29EE2002638AB /* Frameworks */,
				928F92D61AA29EE2002638AB /* Resources */,
			);
			buildRules = (
			);
			dependencies = (
			);
			name = HackApp;
			productName = HackApp;
			productReference = 928F92D81AA29EE2002638AB /* HackApp.app */;
			productType = "com.apple.product-type.application";
		};
		928F92F31AA29EE3002638AB /* HackAppTests */ = {
			isa = PBXNativeTarget;
			buildConfigurationList = 928F93011AA29EE3002638AB /* Build configuration list for PBXNativeTarget "HackAppTests" */;
			buildPhases = (
				928F92F01AA29EE3002638AB /* Sources */,
				928F92F11AA29EE3002638AB /* Frameworks */,
				928F92F21AA29EE3002638AB /* Resources */,
			);
			buildRules = (
			);
			dependencies = (
				928F92F61AA29EE3002638AB /* PBXTargetDependency */,
			);
			name = HackAppTests;
			productName = HackAppTests;
			productReference = 928F92F41AA29EE3002638AB /* HackAppTests.xctest */;
			productType = "com.apple.product-type.bundle.unit-test";
		};
/* End PBXNativeTarget section */

/* Begin PBXProject section */
		928F92D01AA29EE2002638AB /* Project object */ = {
			isa = PBXProject;
			attributes = {
				LastUpgradeCheck = 0610;
				ORGANIZATIONNAME = "Rohun Ati";
				TargetAttributes = {
					928F92D71AA29EE2002638AB = {
						CreatedOnToolsVersion = 6.1.1;
						DevelopmentTeam = W58GK2Y768;
					};
					928F92F31AA29EE3002638AB = {
						CreatedOnToolsVersion = 6.1.1;
						TestTargetID = 928F92D71AA29EE2002638AB;
					};
				};
			};
			buildConfigurationList = 928F92D31AA29EE2002638AB /* Build configuration list for PBXProject "HackApp" */;
			compatibilityVersion = "Xcode 3.2";
			developmentRegion = English;
			hasScannedForEncodings = 0;
			knownRegions = (
				en,
				Base,
			);
			mainGroup = 928F92CF1AA29EE2002638AB;
			productRefGroup = 928F92D91AA29EE2002638AB /* Products */;
			projectDirPath = "";
			projectRoot = "";
			targets = (
				928F92D71AA29EE2002638AB /* HackApp */,
				928F92F31AA29EE3002638AB /* HackAppTests */,
			);
		};
/* End PBXProject section */

/* Begin PBXResourcesBuildPhase section */
		928F92D61AA29EE2002638AB /* Resources */ = {
			isa = PBXResourcesBuildPhase;
			buildActionMask = 2147483647;
			files = (
				928F92EA1AA29EE3002638AB /* Main.storyboard in Resources */,
				928F92EF1AA29EE3002638AB /* LaunchScreen.xib in Resources */,
				928F92EC1AA29EE3002638AB /* Images.xcassets in Resources */,
			);
			runOnlyForDeploymentPostprocessing = 0;
		};
		928F92F21AA29EE3002638AB /* Resources */ = {
			isa = PBXResourcesBuildPhase;
			buildActionMask = 2147483647;
			files = (
			);
			runOnlyForDeploymentPostprocessing = 0;
		};
/* End PBXResourcesBuildPhase section */

/* Begin PBXSourcesBuildPhase section */
		928F92D41AA29EE2002638AB /* Sources */ = {
			isa = PBXSourcesBuildPhase;
			buildActionMask = 2147483647;
			files = (
				928F92E71AA29EE3002638AB /* SecondViewController.m in Sources */,
				92CEE8011AA3057500675851 /* Manager.m in Sources */,
				928F92E11AA29EE3002638AB /* AppDelegate.m in Sources */,
				925260FF1AA2E23C005ACC76 /* SettingsTableViewController.m in Sources */,
				928F92E41AA29EE3002638AB /* FirstViewController.m in Sources */,
				928F92DE1AA29EE3002638AB /* main.m in Sources */,
			);
			runOnlyForDeploymentPostprocessing = 0;
		};
		928F92F01AA29EE3002638AB /* Sources */ = {
			isa = PBXSourcesBuildPhase;
			buildActionMask = 2147483647;
			files = (
				928F92FB1AA29EE3002638AB /* HackAppTests.m in Sources */,
			);
			runOnlyForDeploymentPostprocessing = 0;
		};
/* End PBXSourcesBuildPhase section */

/* Begin PBXTargetDependency section */
		928F92F61AA29EE3002638AB /* PBXTargetDependency */ = {
			isa = PBXTargetDependency;
			target = 928F92D71AA29EE2002638AB /* HackApp */;
			targetProxy = 928F92F51AA29EE3002638AB /* PBXContainerItemProxy */;
		};
/* End PBXTargetDependency section */

/* Begin PBXVariantGroup section */
		928F92E81AA29EE3002638AB /* Main.storyboard */ = {
			isa = PBXVariantGroup;
			children = (
				928F92E91AA29EE3002638AB /* Base */,
			);
			name = Main.storyboard;
			sourceTree = "<group>";
		};
		928F92ED1AA29EE3002638AB /* LaunchScreen.xib */ = {
			isa = PBXVariantGroup;
			children = (
				928F92EE1AA29EE3002638AB /* Base */,
			);
			name = LaunchScreen.xib;
			sourceTree = "<group>";
		};
/* End PBXVariantGroup section */

/* Begin XCBuildConfiguration section */
		928F92FC1AA29EE3002638AB /* Debug */ = {
			isa = XCBuildConfiguration;
			buildSettings = {
				ALWAYS_SEARCH_USER_PATHS = NO;
				CLANG_CXX_LANGUAGE_STANDARD = "gnu++0x";
				CLANG_CXX_LIBRARY = "libc++";
				CLANG_ENABLE_MODULES = YES;
				CLANG_ENABLE_OBJC_ARC = YES;
				CLANG_WARN_BOOL_CONVERSION = YES;
				CLANG_WARN_CONSTANT_CONVERSION = YES;
				CLANG_WARN_DIRECT_OBJC_ISA_USAGE = YES_ERROR;
				CLANG_WARN_EMPTY_BODY = YES;
				CLANG_WARN_ENUM_CONVERSION = YES;
				CLANG_WARN_INT_CONVERSION = YES;
				CLANG_WARN_OBJC_ROOT_CLASS = YES_ERROR;
				CLANG_WARN_UNREACHABLE_CODE = YES;
				CLANG_WARN__DUPLICATE_METHOD_MATCH = YES;
				"CODE_SIGN_IDENTITY[sdk=iphoneos*]" = "iPhone Developer";
				COPY_PHASE_STRIP = NO;
				ENABLE_STRICT_OBJC_MSGSEND = YES;
				GCC_C_LANGUAGE_STANDARD = gnu99;
				GCC_DYNAMIC_NO_PIC = NO;
				GCC_OPTIMIZATION_LEVEL = 0;
				GCC_PREPROCESSOR_DEFINITIONS = (
					"DEBUG=1",
					"$(inherited)",
				);
				GCC_SYMBOLS_PRIVATE_EXTERN = NO;
				GCC_WARN_64_TO_32_BIT_CONVERSION = YES;
				GCC_WARN_ABOUT_RETURN_TYPE = YES_ERROR;
				GCC_WARN_UNDECLARED_SELECTOR = YES;
				GCC_WARN_UNINITIALIZED_AUTOS = YES_AGGRESSIVE;
				GCC_WARN_UNUSED_FUNCTION = YES;
				GCC_WARN_UNUSED_VARIABLE = YES;
				IPHONEOS_DEPLOYMENT_TARGET = 8.1;
				MTL_ENABLE_DEBUG_INFO = YES;
				ONLY_ACTIVE_ARCH = YES;
				SDKROOT = iphoneos;
				TARGETED_DEVICE_FAMILY = "1,2";
			};
			name = Debug;
		};
		928F92FD1AA29EE3002638AB /* Release */ = {
			isa = XCBuildConfiguration;
			buildSettings = {
				ALWAYS_SEARCH_USER_PATHS = NO;
				CLANG_CXX_LANGUAGE_STANDARD = "gnu++0x";
				CLANG_CXX_LIBRARY = "libc++";
				CLANG_ENABLE_MODULES = YES;
				CLANG_ENABLE_OBJC_ARC = YES;
				CLANG_WARN_BOOL_CONVERSION = YES;
				CLANG_WARN_CONSTANT_CONVERSION = YES;
				CLANG_WARN_DIRECT_OBJC_ISA_USAGE = YES_ERROR;
				CLANG_WARN_EMPTY_BODY = YES;
				CLANG_WARN_ENUM_CONVERSION = YES;
				CLANG_WARN_INT_CONVERSION = YES;
				CLANG_WARN_OBJC_ROOT_CLASS = YES_ERROR;
				CLANG_WARN_UNREACHABLE_CODE = YES;
				CLANG_WARN__DUPLICATE_METHOD_MATCH = YES;
				"CODE_SIGN_IDENTITY[sdk=iphoneos*]" = "iPhone Developer";
				COPY_PHASE_STRIP = YES;
				ENABLE_NS_ASSERTIONS = NO;
				ENABLE_STRICT_OBJC_MSGSEND = YES;
				GCC_C_LANGUAGE_STANDARD = gnu99;
				GCC_WARN_64_TO_32_BIT_CONVERSION = YES;
				GCC_WARN_ABOUT_RETURN_TYPE = YES_ERROR;
				GCC_WARN_UNDECLARED_SELECTOR = YES;
				GCC_WARN_UNINITIALIZED_AUTOS = YES_AGGRESSIVE;
				GCC_WARN_UNUSED_FUNCTION = YES;
				GCC_WARN_UNUSED_VARIABLE = YES;
				IPHONEOS_DEPLOYMENT_TARGET = 8.1;
				MTL_ENABLE_DEBUG_INFO = NO;
				SDKROOT = iphoneos;
				TARGETED_DEVICE_FAMILY = "1,2";
				VALIDATE_PRODUCT = YES;
			};
			name = Release;
		};
		928F92FF1AA29EE3002638AB /* Debug */ = {
			isa = XCBuildConfiguration;
			buildSettings = {
				ASSETCATALOG_COMPILER_APPICON_NAME = AppIcon;
				CODE_SIGN_IDENTITY = "iPhone Developer";
				"CODE_SIGN_IDENTITY[sdk=iphoneos*]" = "iPhone Developer";
				INFOPLIST_FILE = HackApp/Info.plist;
				LD_RUNPATH_SEARCH_PATHS = "$(inherited) @executable_path/Frameworks";
				PRODUCT_NAME = "$(TARGET_NAME)";
				PROVISIONING_PROFILE = "";
				TARGETED_DEVICE_FAMILY = 1;
			};
			name = Debug;
		};
		928F93001AA29EE3002638AB /* Release */ = {
			isa = XCBuildConfiguration;
			buildSettings = {
				ASSETCATALOG_COMPILER_APPICON_NAME = AppIcon;
				CODE_SIGN_IDENTITY = "iPhone Developer";
				"CODE_SIGN_IDENTITY[sdk=iphoneos*]" = "iPhone Developer";
				INFOPLIST_FILE = HackApp/Info.plist;
				LD_RUNPATH_SEARCH_PATHS = "$(inherited) @executable_path/Frameworks";
				PRODUCT_NAME = "$(TARGET_NAME)";
				PROVISIONING_PROFILE = "";
				TARGETED_DEVICE_FAMILY = 1;
			};
			name = Release;
		};
		928F93021AA29EE3002638AB /* Debug */ = {
			isa = XCBuildConfiguration;
			buildSettings = {
				BUNDLE_LOADER = "$(TEST_HOST)";
				FRAMEWORK_SEARCH_PATHS = (
					"$(SDKROOT)/Developer/Library/Frameworks",
					"$(inherited)",
				);
				GCC_PREPROCESSOR_DEFINITIONS = (
					"DEBUG=1",
					"$(inherited)",
				);
				INFOPLIST_FILE = HackAppTests/Info.plist;
				LD_RUNPATH_SEARCH_PATHS = "$(inherited) @executable_path/Frameworks @loader_path/Frameworks";
				PRODUCT_NAME = "$(TARGET_NAME)";
				TEST_HOST = "$(BUILT_PRODUCTS_DIR)/HackApp.app/HackApp";
			};
			name = Debug;
		};
		928F93031AA29EE3002638AB /* Release */ = {
			isa = XCBuildConfiguration;
			buildSettings = {
				BUNDLE_LOADER = "$(TEST_HOST)";
				FRAMEWORK_SEARCH_PATHS = (
					"$(SDKROOT)/Developer/Library/Frameworks",
					"$(inherited)",
				);
				INFOPLIST_FILE = HackAppTests/Info.plist;
				LD_RUNPATH_SEARCH_PATHS = "$(inherited) @executable_path/Frameworks @loader_path/Frameworks";
				PRODUCT_NAME = "$(TARGET_NAME)";
				TEST_HOST = "$(BUILT_PRODUCTS_DIR)/HackApp.app/HackApp";
			};
			name = Release;
		};
/* End XCBuildConfiguration section */

/* Begin XCConfigurationList section */
		928F92D31AA29EE2002638AB /* Build configuration list for PBXProject "HackApp" */ = {
			isa = XCConfigurationList;
			buildConfigurations = (
				928F92FC1AA29EE3002638AB /* Debug */,
				928F92FD1AA29EE3002638AB /* Release */,
			);
			defaultConfigurationIsVisible = 0;
			defaultConfigurationName = Release;
		};
		928F92FE1AA29EE3002638AB /* Build configuration list for PBXNativeTarget "HackApp" */ = {
			isa = XCConfigurationList;
			buildConfigurations = (
				928F92FF1AA29EE3002638AB /* Debug */,
				928F93001AA29EE3002638AB /* Release */,
			);
			defaultConfigurationIsVisible = 0;
			defaultConfigurationName = Release;
		};
		928F93011AA29EE3002638AB /* Build configuration list for PBXNativeTarget "HackAppTests" */ = {
			isa = XCConfigurationList;
			buildConfigurations = (
				928F93021AA29EE3002638AB /* Debug */,
				928F93031AA29EE3002638AB /* Release */,
			);
			defaultConfigurationIsVisible = 0;
			defaultConfigurationName = Release;
		};
/* End XCConfigurationList section */
	};
	rootObject = 928F92D01AA29EE2002638AB /* Project object */;
}
